
Microsoft Visual Studio Solution File, Format Version 12.00
# Visual Studio 2012
Project("{FAE04EC0-301F-11D3-BF4B-00C04F79EFBC}") = "BooksMvcApp", "BooksMvcApp\BooksMvcApp.csproj", "{127DC475-D7AA-4B71-AEEF-AC5172EFC56C}"
EndProject
Project("{FAE04EC0-301F-11D3-BF4B-00C04F79EFBC}") = "BooksMvcApp.Tests", "BooksMvcApp.Tests\BooksMvcApp.Tests.csproj", "{51DD66C4-6D56-464C-96E9-693735AB5352}"
EndProject
Global
	GlobalSection(SolutionConfigurationPlatforms) = preSolution
		Debug|Any CPU = Debug|Any CPU
		Release|Any CPU = Release|Any CPU
	EndGlobalSection
	GlobalSection(ProjectConfigurationPlatforms) = postSolution
		{127DC475-D7AA-4B71-AEEF-AC5172EFC56C}.Debug|Any CPU.ActiveCfg = Debug|Any CPU
		{127DC475-D7AA-4B71-AEEF-AC5172EFC56C}.Debug|Any CPU.Build.0 = Debug|Any CPU
		{127DC475-D7AA-4B71-AEEF-AC5172EFC56C}.Release|Any CPU.ActiveCfg = Release|Any CPU
		{127DC475-D7AA-4B71-AEEF-AC5172EFC56C}.Release|Any CPU.Build.0 = Release|Any CPU
		{51DD66C4-6D56-464C-96E9-693735AB5352}.Debug|Any CPU.ActiveCfg = Debug|Any CPU
		{51DD66C4-6D56-464C-96E9-693735AB5352}.Debug|Any CPU.Build.0 = Debug|Any CPU
		{51DD66C4-6D56-464C-96E9-693735AB5352}.Release|Any CPU.ActiveCfg = Release|Any CPU
		{51DD66C4-6D56-464C-96E9-693735AB5352}.Release|Any CPU.Build.0 = Release|Any CPU
	EndGlobalSection
	GlobalSection(SolutionProperties) = preSolution
		HideSolutionNode = FALSE
	EndGlobalSection
EndGlobal
